PODS:
  - Alamofire (5.11.2)
  - Kingfisher (8.9.0)

DEPENDENCIES:
  - Alamofire
  - Kingfisher (~> 8.0)

SPEC REPOS:
  trunk:
    - Alamofire
    - Kingfisher

SPEC CHECKSUMS:
  Alamofire: 400275dd1c6d87d95a041861d2a59da4b520a203
  Kingfisher: 90f3a3c2871a71e01d5493c1c196fc2d3ff132cf

PODFILE CHECKSUM: d49496f378880a4ad252c7cea24568d1acd285b2

COCOAPODS: 1.16.2
